// !$*UTF8*$!
{
	archiveVersion = 1;
	classes = {
	};
	objectVersion = 50;
	objects = {

/* Begin PBXBuildFile section */
		20D9AFAAF69ADAE8C1B180C6 /* Pods_NimiqClientMacOS.framework in Frameworks */ = {isa = PBXBuildFile; fileRef = 110E22B83286D6E210DC9B1B /* Pods_NimiqClientMacOS.framework */; };
		69E319FE22A1FEE1B4259E08 /* Pods_NimiqClientTvOS.framework in Frameworks */ = {isa = PBXBuildFile; fileRef = 34092F72E4C4E0A1584033E4 /* Pods_NimiqClientTvOS.framework */; };
		A7752ECA990D877E4D30A36A /* Pods_NimiqClientWatchOS.framework in Frameworks */ = {isa = PBXBuildFile; fileRef = E361ECA6157A0B63504DE721 /* Pods_NimiqClientWatchOS.framework */; };
		C90251294A16B12880BDF223 /* Pods_NimiqClientMacOSTests.framework in Frameworks */ = {isa = PBXBuildFile; fileRef = D15609BEEC1DD27E260773FA /* Pods_NimiqClientMacOSTests.framework */; };
		CDFEC7BDF6E3CA78AEAE0D0C /* Pods_NimiqClientiOS.framework in Frameworks */ = {isa = PBXBuildFile; fileRef = 9EF0887FFACE8F580D6EE024 /* Pods_NimiqClientiOS.framework */; };
		E26F61BF371E1513E1A0B676 /* Pods_NimiqClientTvOSTests.framework in Frameworks */ = {isa = PBXBuildFile; fileRef = A97451A18542A8E756C112F3 /* Pods_NimiqClientTvOSTests.framework */; };
		E4B63EE624BBA878009AAC80 /* NimiqClientiOS.framework in Frameworks */ = {isa = PBXBuildFile; fileRef = E4B63EDD24BBA877009AAC80 /* NimiqClientiOS.framework */; };
		E4B63EEB24BBA878009AAC80 /* NimiqClientiOSTests.swift in Sources */ = {isa = PBXBuildFile; fileRef = E4B63EEA24BBA878009AAC80 /* NimiqClientiOSTests.swift */; };
		E4B63EED24BBA878009AAC80 /* NimiqClientiOS.h in Headers */ = {isa = PBXBuildFile; fileRef = E4B63EDF24BBA877009AAC80 /* NimiqClientiOS.h */; settings = {ATTRIBUTES = (Public, ); }; };
		E4B63F0224BBA930009AAC80 /* NimiqClientMacOS.framework in Frameworks */ = {isa = PBXBuildFile; fileRef = E4B63EF924BBA92E009AAC80 /* NimiqClientMacOS.framework */; };
		E4B63F0724BBA930009AAC80 /* NimiqClientMacOSTests.swift in Sources */ = {isa = PBXBuildFile; fileRef = E4B63F0624BBA930009AAC80 /* NimiqClientMacOSTests.swift */; };
		E4B63F0924BBA930009AAC80 /* NimiqClientMacOS.h in Headers */ = {isa = PBXBuildFile; fileRef = E4B63EFB24BBA92E009AAC80 /* NimiqClientMacOS.h */; settings = {ATTRIBUTES = (Public, ); }; };
		E4B63F1E24BBA965009AAC80 /* NimiqClientTvOS.framework in Frameworks */ = {isa = PBXBuildFile; fileRef = E4B63F1524BBA963009AAC80 /* NimiqClientTvOS.framework */; };
		E4B63F2324BBA965009AAC80 /* NimiqClientTvOSTests.swift in Sources */ = {isa = PBXBuildFile; fileRef = E4B63F2224BBA965009AAC80 /* NimiqClientTvOSTests.swift */; };
		E4B63F2524BBA965009AAC80 /* NimiqClientTvOS.h in Headers */ = {isa = PBXBuildFile; fileRef = E4B63F1724BBA963009AAC80 /* NimiqClientTvOS.h */; settings = {ATTRIBUTES = (Public, ); }; };
		E4BD968124BD3905005E6957 /* Fixtures.swift in Sources */ = {isa = PBXBuildFile; fileRef = E4BD968024BD3905005E6957 /* Fixtures.swift */; };
		E4BD968224BD3905005E6957 /* Fixtures.swift in Sources */ = {isa = PBXBuildFile; fileRef = E4BD968024BD3905005E6957 /* Fixtures.swift */; };
		E4BD968324BD3905005E6957 /* Fixtures.swift in Sources */ = {isa = PBXBuildFile; fileRef = E4BD968024BD3905005E6957 /* Fixtures.swift */; };
		E4BD968524BD4A4B005E6957 /* URLProtocolStub.swift in Sources */ = {isa = PBXBuildFile; fileRef = E4BD968424BD4A4B005E6957 /* URLProtocolStub.swift */; };
		E4BD968624BD4A4B005E6957 /* URLProtocolStub.swift in Sources */ = {isa = PBXBuildFile; fileRef = E4BD968424BD4A4B005E6957 /* URLProtocolStub.swift */; };
		E4BD968724BD4A4B005E6957 /* URLProtocolStub.swift in Sources */ = {isa = PBXBuildFile; fileRef = E4BD968424BD4A4B005E6957 /* URLProtocolStub.swift */; };
		E4BFF42624BBAE7F00A915D4 /* NimiqClient.swift in Sources */ = {isa = PBXBuildFile; fileRef = E4BFF42524BBAE7F00A915D4 /* NimiqClient.swift */; };
		E4BFF42724BBAE7F00A915D4 /* NimiqClient.swift in Sources */ = {isa = PBXBuildFile; fileRef = E4BFF42524BBAE7F00A915D4 /* NimiqClient.swift */; };
		E4BFF42824BBAE7F00A915D4 /* NimiqClient.swift in Sources */ = {isa = PBXBuildFile; fileRef = E4BFF42524BBAE7F00A915D4 /* NimiqClient.swift */; };
		E4BFF42B24BBAFA700A915D4 /* NimiqClientTests.swift in Sources */ = {isa = PBXBuildFile; fileRef = E4BFF42A24BBAFA700A915D4 /* NimiqClientTests.swift */; };
		E4BFF42C24BBAFA700A915D4 /* NimiqClientTests.swift in Sources */ = {isa = PBXBuildFile; fileRef = E4BFF42A24BBAFA700A915D4 /* NimiqClientTests.swift */; };
		E4BFF42D24BBAFA700A915D4 /* NimiqClientTests.swift in Sources */ = {isa = PBXBuildFile; fileRef = E4BFF42A24BBAFA700A915D4 /* NimiqClientTests.swift */; };
		E4BFF42E24BBB01800A915D4 /* NimiqClient.swift in Sources */ = {isa = PBXBuildFile; fileRef = E4BFF42524BBAE7F00A915D4 /* NimiqClient.swift */; };
		E4BFF42F24BBB01900A915D4 /* NimiqClient.swift in Sources */ = {isa = PBXBuildFile; fileRef = E4BFF42524BBAE7F00A915D4 /* NimiqClient.swift */; };
		E4BFF43024BBB01A00A915D4 /* NimiqClient.swift in Sources */ = {isa = PBXBuildFile; fileRef = E4BFF42524BBAE7F00A915D4 /* NimiqClient.swift */; };
		E4FF155A24C652F8005DFE23 /* NimiqClientWatchOS.h in Headers */ = {isa = PBXBuildFile; fileRef = E4FF155824C652F7005DFE23 /* NimiqClientWatchOS.h */; settings = {ATTRIBUTES = (Public, ); }; };
		E4FF155E24C6545F005DFE23 /* NimiqClient.swift in Sources */ = {isa = PBXBuildFile; fileRef = E4BFF42524BBAE7F00A915D4 /* NimiqClient.swift */; };
		F330B7BCAFDD449B3C920FE2 /* Pods_NimiqClientiOSTests.framework in Frameworks */ = {isa = PBXBuildFile; fileRef = F1C881B2F8B1558F9077E817 /* Pods_NimiqClientiOSTests.framework */; };
/* End PBXBuildFile section */

/* Begin PBXContainerItemProxy section */
		E4B63EE724BBA878009AAC80 /* PBXContainerItemProxy */ = {
			isa = PBXContainerItemProxy;
			containerPortal = E4B63EB524BBA4E6009AAC80 /* Project object */;
			proxyType = 1;
			remoteGlobalIDString = E4B63EDC24BBA877009AAC80;
			remoteInfo = NimiqClientiOS;
		};
		E4B63F0324BBA930009AAC80 /* PBXContainerItemProxy */ = {
			isa = PBXContainerItemProxy;
			containerPortal = E4B63EB524BBA4E6009AAC80 /* Project object */;
			proxyType = 1;
			remoteGlobalIDString = E4B63EF824BBA92E009AAC80;
			remoteInfo = NimiqClientMacOS;
		};
		E4B63F1F24BBA965009AAC80 /* PBXContainerItemProxy */ = {
			isa = PBXContainerItemProxy;
			containerPortal = E4B63EB524BBA4E6009AAC80 /* Project object */;
			proxyType = 1;
			remoteGlobalIDString = E4B63F1424BBA963009AAC80;
			remoteInfo = NimiqClientTvOS;
		};
/* End PBXContainerItemProxy section */

/* Begin PBXFileReference section */
		0258F7E0F4AB1390AC534DF5 /* Pods-NimiqClientTvOS.debug.xcconfig */ = {isa = PBXFileReference; includeInIndex = 1; lastKnownFileType = text.xcconfig; name = "Pods-NimiqClientTvOS.debug.xcconfig"; path = "Target Support Files/Pods-NimiqClientTvOS/Pods-NimiqClientTvOS.debug.xcconfig"; sourceTree = "<group>"; };
		110E22B83286D6E210DC9B1B /* Pods_NimiqClientMacOS.framework */ = {isa = PBXFileReference; explicitFileType = wrapper.framework; includeInIndex = 0; path = Pods_NimiqClientMacOS.framework; sourceTree = BUILT_PRODUCTS_DIR; };
		1387036D2A90CAC45CD2D075 /* Pods-NimiqClientWatchOS.release.xcconfig */ = {isa = PBXFileReference; includeInIndex = 1; lastKnownFileType = text.xcconfig; name = "Pods-NimiqClientWatchOS.release.xcconfig"; path = "Target Support Files/Pods-NimiqClientWatchOS/Pods-NimiqClientWatchOS.release.xcconfig"; sourceTree = "<group>"; };
		2D62F991B55C756D5AB4113E /* Pods-NimiqClientTvOSTests.release.xcconfig */ = {isa = PBXFileReference; includeInIndex = 1; lastKnownFileType = text.xcconfig; name = "Pods-NimiqClientTvOSTests.release.xcconfig"; path = "Target Support Files/Pods-NimiqClientTvOSTests/Pods-NimiqClientTvOSTests.release.xcconfig"; sourceTree = "<group>"; };
		30D47451DC38E036B8ACC0F3 /* Pods-NimiqClientiOS.release.xcconfig */ = {isa = PBXFileReference; includeInIndex = 1; lastKnownFileType = text.xcconfig; name = "Pods-NimiqClientiOS.release.xcconfig"; path = "Target Support Files/Pods-NimiqClientiOS/Pods-NimiqClientiOS.release.xcconfig"; sourceTree = "<group>"; };
		34092F72E4C4E0A1584033E4 /* Pods_NimiqClientTvOS.framework */ = {isa = PBXFileReference; explicitFileType = wrapper.framework; includeInIndex = 0; path = Pods_NimiqClientTvOS.framework; sourceTree = BUILT_PRODUCTS_DIR; };
		56094819A04C985423172A0A /* Pods-NimiqClientMacOS.release.xcconfig */ = {isa = PBXFileReference; includeInIndex = 1; lastKnownFileType = text.xcconfig; name = "Pods-NimiqClientMacOS.release.xcconfig"; path = "Target Support Files/Pods-NimiqClientMacOS/Pods-NimiqClientMacOS.release.xcconfig"; sourceTree = "<group>"; };
		58879E6D737EE886D803FF2D /* Pods-NimiqClientMacOS.debug.xcconfig */ = {isa = PBXFileReference; includeInIndex = 1; lastKnownFileType = text.xcconfig; name = "Pods-NimiqClientMacOS.debug.xcconfig"; path = "Target Support Files/Pods-NimiqClientMacOS/Pods-NimiqClientMacOS.debug.xcconfig"; sourceTree = "<group>"; };
		9EF0887FFACE8F580D6EE024 /* Pods_NimiqClientiOS.framework */ = {isa = PBXFileReference; explicitFileType = wrapper.framework; includeInIndex = 0; path = Pods_NimiqClientiOS.framework; sourceTree = BUILT_PRODUCTS_DIR; };
		A97451A18542A8E756C112F3 /* Pods_NimiqClientTvOSTests.framework */ = {isa = PBXFileReference; explicitFileType = wrapper.framework; includeInIndex = 0; path = Pods_NimiqClientTvOSTests.framework; sourceTree = BUILT_PRODUCTS_DIR; };
		B1E44F2B1C59927382FEB627 /* Pods-NimiqClientiOSTests.debug.xcconfig */ = {isa = PBXFileReference; includeInIndex = 1; lastKnownFileType = text.xcconfig; name = "Pods-NimiqClientiOSTests.debug.xcconfig"; path = "Target Support Files/Pods-NimiqClientiOSTests/Pods-NimiqClientiOSTests.debug.xcconfig"; sourceTree = "<group>"; };
		C5A02AC3BEA201D0C3457982 /* Pods-NimiqClientiOS.debug.xcconfig */ = {isa = PBXFileReference; includeInIndex = 1; lastKnownFileType = text.xcconfig; name = "Pods-NimiqClientiOS.debug.xcconfig"; path = "Target Support Files/Pods-NimiqClientiOS/Pods-NimiqClientiOS.debug.xcconfig"; sourceTree = "<group>"; };
		CFA7DB40FAA73B978A0C4CDE /* Pods-NimiqClientMacOSTests.release.xcconfig */ = {isa = PBXFileReference; includeInIndex = 1; lastKnownFileType = text.xcconfig; name = "Pods-NimiqClientMacOSTests.release.xcconfig"; path = "Target Support Files/Pods-NimiqClientMacOSTests/Pods-NimiqClientMacOSTests.release.xcconfig"; sourceTree = "<group>"; };
		D04824D73F0BBAE7B0DE3024 /* Pods-NimiqClientWatchOS.debug.xcconfig */ = {isa = PBXFileReference; includeInIndex = 1; lastKnownFileType = text.xcconfig; name = "Pods-NimiqClientWatchOS.debug.xcconfig"; path = "Target Support Files/Pods-NimiqClientWatchOS/Pods-NimiqClientWatchOS.debug.xcconfig"; sourceTree = "<group>"; };
		D15609BEEC1DD27E260773FA /* Pods_NimiqClientMacOSTests.framework */ = {isa = PBXFileReference; explicitFileType = wrapper.framework; includeInIndex = 0; path = Pods_NimiqClientMacOSTests.framework; sourceTree = BUILT_PRODUCTS_DIR; };
		E361ECA6157A0B63504DE721 /* Pods_NimiqClientWatchOS.framework */ = {isa = PBXFileReference; explicitFileType = wrapper.framework; includeInIndex = 0; path = Pods_NimiqClientWatchOS.framework; sourceTree = BUILT_PRODUCTS_DIR; };
		E4B63EDD24BBA877009AAC80 /* NimiqClientiOS.framework */ = {isa = PBXFileReference; explicitFileType = wrapper.framework; includeInIndex = 0; path = NimiqClientiOS.framework; sourceTree = BUILT_PRODUCTS_DIR; };
		E4B63EDF24BBA877009AAC80 /* NimiqClientiOS.h */ = {isa = PBXFileReference; lastKnownFileType = sourcecode.c.h; path = NimiqClientiOS.h; sourceTree = "<group>"; };
		E4B63EE024BBA877009AAC80 /* Info.plist */ = {isa = PBXFileReference; lastKnownFileType = text.plist.xml; path = Info.plist; sourceTree = "<group>"; };
		E4B63EE524BBA878009AAC80 /* NimiqClientiOSTests.xctest */ = {isa = PBXFileReference; explicitFileType = wrapper.cfbundle; includeInIndex = 0; path = NimiqClientiOSTests.xctest; sourceTree = BUILT_PRODUCTS_DIR; };
		E4B63EEA24BBA878009AAC80 /* NimiqClientiOSTests.swift */ = {isa = PBXFileReference; lastKnownFileType = sourcecode.swift; path = NimiqClientiOSTests.swift; sourceTree = "<group>"; };
		E4B63EEC24BBA878009AAC80 /* Info.plist */ = {isa = PBXFileReference; lastKnownFileType = text.plist.xml; path = Info.plist; sourceTree = "<group>"; };
		E4B63EF924BBA92E009AAC80 /* NimiqClientMacOS.framework */ = {isa = PBXFileReference; explicitFileType = wrapper.framework; includeInIndex = 0; path = NimiqClientMacOS.framework; sourceTree = BUILT_PRODUCTS_DIR; };
		E4B63EFB24BBA92E009AAC80 /* NimiqClientMacOS.h */ = {isa = PBXFileReference; lastKnownFileType = sourcecode.c.h; path = NimiqClientMacOS.h; sourceTree = "<group>"; };
		E4B63EFC24BBA92E009AAC80 /* Info.plist */ = {isa = PBXFileReference; lastKnownFileType = text.plist.xml; path = Info.plist; sourceTree = "<group>"; };
		E4B63F0124BBA930009AAC80 /* NimiqClientMacOSTests.xctest */ = {isa = PBXFileReference; explicitFileType = wrapper.cfbundle; includeInIndex = 0; path = NimiqClientMacOSTests.xctest; sourceTree = BUILT_PRODUCTS_DIR; };
		E4B63F0624BBA930009AAC80 /* NimiqClientMacOSTests.swift */ = {isa = PBXFileReference; lastKnownFileType = sourcecode.swift; path = NimiqClientMacOSTests.swift; sourceTree = "<group>"; };
		E4B63F0824BBA930009AAC80 /* Info.plist */ = {isa = PBXFileReference; lastKnownFileType = text.plist.xml; path = Info.plist; sourceTree = "<group>"; };
		E4B63F1524BBA963009AAC80 /* NimiqClientTvOS.framework */ = {isa = PBXFileReference; explicitFileType = wrapper.framework; includeInIndex = 0; path = NimiqClientTvOS.framework; sourceTree = BUILT_PRODUCTS_DIR; };
		E4B63F1724BBA963009AAC80 /* NimiqClientTvOS.h */ = {isa = PBXFileReference; lastKnownFileType = sourcecode.c.h; path = NimiqClientTvOS.h; sourceTree = "<group>"; };
		E4B63F1824BBA964009AAC80 /* Info.plist */ = {isa = PBXFileReference; lastKnownFileType = text.plist.xml; path = Info.plist; sourceTree = "<group>"; };
		E4B63F1D24BBA964009AAC80 /* NimiqClientTvOSTests.xctest */ = {isa = PBXFileReference; explicitFileType = wrapper.cfbundle; includeInIndex = 0; path = NimiqClientTvOSTests.xctest; sourceTree = BUILT_PRODUCTS_DIR; };
		E4B63F2224BBA965009AAC80 /* NimiqClientTvOSTests.swift */ = {isa = PBXFileReference; lastKnownFileType = sourcecode.swift; path = NimiqClientTvOSTests.swift; sourceTree = "<group>"; };
		E4B63F2424BBA965009AAC80 /* Info.plist */ = {isa = PBXFileReference; lastKnownFileType = text.plist.xml; path = Info.plist; sourceTree = "<group>"; };
		E4BD968024BD3905005E6957 /* Fixtures.swift */ = {isa = PBXFileReference; lastKnownFileType = sourcecode.swift; path = Fixtures.swift; sourceTree = "<group>"; };
		E4BD968424BD4A4B005E6957 /* URLProtocolStub.swift */ = {isa = PBXFileReference; lastKnownFileType = sourcecode.swift; path = URLProtocolStub.swift; sourceTree = "<group>"; };
		E4BFF42524BBAE7F00A915D4 /* NimiqClient.swift */ = {isa = PBXFileReference; lastKnownFileType = sourcecode.swift; path = NimiqClient.swift; sourceTree = "<group>"; };
		E4BFF42A24BBAFA700A915D4 /* NimiqClientTests.swift */ = {isa = PBXFileReference; lastKnownFileType = sourcecode.swift; path = NimiqClientTests.swift; sourceTree = "<group>"; };
		E4E9549324C01DFD00981A37 /* README.md */ = {isa = PBXFileReference; lastKnownFileType = net.daringfireball.markdown; name = README.md; path = ../README.md; sourceTree = "<group>"; };
		E4E9549424C01E1500981A37 /* LICENSE */ = {isa = PBXFileReference; lastKnownFileType = text; name = LICENSE; path = ../LICENSE; sourceTree = "<group>"; };
		E4FF155624C652F7005DFE23 /* NimiqClientWatchOS.framework */ = {isa = PBXFileReference; explicitFileType = wrapper.framework; includeInIndex = 0; path = NimiqClientWatchOS.framework; sourceTree = BUILT_PRODUCTS_DIR; };
		E4FF155824C652F7005DFE23 /* NimiqClientWatchOS.h */ = {isa = PBXFileReference; lastKnownFileType = sourcecode.c.h; path = NimiqClientWatchOS.h; sourceTree = "<group>"; };
		E4FF155924C652F7005DFE23 /* Info.plist */ = {isa = PBXFileReference; lastKnownFileType = text.plist.xml; path = Info.plist; sourceTree = "<group>"; };
		E8677B9220DB81514ACC78A9 /* Pods-NimiqClientMacOSTests.debug.xcconfig */ = {isa = PBXFileReference; includeInIndex = 1; lastKnownFileType = text.xcconfig; name = "Pods-NimiqClientMacOSTests.debug.xcconfig"; path = "Target Support Files/Pods-NimiqClientMacOSTests/Pods-NimiqClientMacOSTests.debug.xcconfig"; sourceTree = "<group>"; };
		F1C881B2F8B1558F9077E817 /* Pods_NimiqClientiOSTests.framework */ = {isa = PBXFileReference; explicitFileType = wrapper.framework; includeInIndex = 0; path = Pods_NimiqClientiOSTests.framework; sourceTree = BUILT_PRODUCTS_DIR; };
		F7388A29568B2A1CBD6DEEEC /* Pods-NimiqClientTvOS.release.xcconfig */ = {isa = PBXFileReference; includeInIndex = 1; lastKnownFileType = text.xcconfig; name = "Pods-NimiqClientTvOS.release.xcconfig"; path = "Target Support Files/Pods-NimiqClientTvOS/Pods-NimiqClientTvOS.release.xcconfig"; sourceTree = "<group>"; };
		FEF9106E8CA470ADD4674405 /* Pods-NimiqClientiOSTests.release.xcconfig */ = {isa = PBXFileReference; includeInIndex = 1; lastKnownFileType = text.xcconfig; name = "Pods-NimiqClientiOSTests.release.xcconfig"; path = "Target Support Files/Pods-NimiqClientiOSTests/Pods-NimiqClientiOSTests.release.xcconfig"; sourceTree = "<group>"; };
		FF933E87EE4A70159B012EB2 /* Pods-NimiqClientTvOSTests.debug.xcconfig */ = {isa = PBXFileReference; includeInIndex = 1; lastKnownFileType = text.xcconfig; name = "Pods-NimiqClientTvOSTests.debug.xcconfig"; path = "Target Support Files/Pods-NimiqClientTvOSTests/Pods-NimiqClientTvOSTests.debug.xcconfig"; sourceTree = "<group>"; };
/* End PBXFileReference section */

/* Begin PBXFrameworksBuildPhase section */
		E4B63EDA24BBA877009AAC80 /* Frameworks */ = {
			isa = PBXFrameworksBuildPhase;
			buildActionMask = 2147483647;
			files = (
				CDFEC7BDF6E3CA78AEAE0D0C /* Pods_NimiqClientiOS.framework in Frameworks */,
			);
			runOnlyForDeploymentPostprocessing = 0;
		};
		E4B63EE224BBA878009AAC80 /* Frameworks */ = {
			isa = PBXFrameworksBuildPhase;
			buildActionMask = 2147483647;
			files = (
				E4B63EE624BBA878009AAC80 /* NimiqClientiOS.framework in Frameworks */,
				F330B7BCAFDD449B3C920FE2 /* Pods_NimiqClientiOSTests.framework in Frameworks */,
			);
			runOnlyForDeploymentPostprocessing = 0;
		};
		E4B63EF624BBA92E009AAC80 /* Frameworks */ = {
			isa = PBXFrameworksBuildPhase;
			buildActionMask = 2147483647;
			files = (
				20D9AFAAF69ADAE8C1B180C6 /* Pods_NimiqClientMacOS.framework in Frameworks */,
			);
			runOnlyForDeploymentPostprocessing = 0;
		};
		E4B63EFE24BBA930009AAC80 /* Frameworks */ = {
			isa = PBXFrameworksBuildPhase;
			buildActionMask = 2147483647;
			files = (
				E4B63F0224BBA930009AAC80 /* NimiqClientMacOS.framework in Frameworks */,
				C90251294A16B12880BDF223 /* Pods_NimiqClientMacOSTests.framework in Frameworks */,
			);
			runOnlyForDeploymentPostprocessing = 0;
		};
		E4B63F1224BBA963009AAC80 /* Frameworks */ = {
			isa = PBXFrameworksBuildPhase;
			buildActionMask = 2147483647;
			files = (
				69E319FE22A1FEE1B4259E08 /* Pods_NimiqClientTvOS.framework in Frameworks */,
			);
			runOnlyForDeploymentPostprocessing = 0;
		};
		E4B63F1A24BBA964009AAC80 /* Frameworks */ = {
			isa = PBXFrameworksBuildPhase;
			buildActionMask = 2147483647;
			files = (
				E4B63F1E24BBA965009AAC80 /* NimiqClientTvOS.framework in Frameworks */,
				E26F61BF371E1513E1A0B676 /* Pods_NimiqClientTvOSTests.framework in Frameworks */,
			);
			runOnlyForDeploymentPostprocessing = 0;
		};
		E4FF155324C652F7005DFE23 /* Frameworks */ = {
			isa = PBXFrameworksBuildPhase;
			buildActionMask = 2147483647;
			files = (
				A7752ECA990D877E4D30A36A /* Pods_NimiqClientWatchOS.framework in Frameworks */,
			);
			runOnlyForDeploymentPostprocessing = 0;
		};
/* End PBXFrameworksBuildPhase section */

/* Begin PBXGroup section */
		80515F7BFC12AE88246363E0 /* Frameworks */ = {
			isa = PBXGroup;
			children = (
				9EF0887FFACE8F580D6EE024 /* Pods_NimiqClientiOS.framework */,
				F1C881B2F8B1558F9077E817 /* Pods_NimiqClientiOSTests.framework */,
				110E22B83286D6E210DC9B1B /* Pods_NimiqClientMacOS.framework */,
				D15609BEEC1DD27E260773FA /* Pods_NimiqClientMacOSTests.framework */,
				34092F72E4C4E0A1584033E4 /* Pods_NimiqClientTvOS.framework */,
				A97451A18542A8E756C112F3 /* Pods_NimiqClientTvOSTests.framework */,
				E361ECA6157A0B63504DE721 /* Pods_NimiqClientWatchOS.framework */,
			);
			name = Frameworks;
			sourceTree = "<group>";
		};
		C581D63883067F3C8755FD0A /* Pods */ = {
			isa = PBXGroup;
			children = (
				C5A02AC3BEA201D0C3457982 /* Pods-NimiqClientiOS.debug.xcconfig */,
				30D47451DC38E036B8ACC0F3 /* Pods-NimiqClientiOS.release.xcconfig */,
				B1E44F2B1C59927382FEB627 /* Pods-NimiqClientiOSTests.debug.xcconfig */,
				FEF9106E8CA470ADD4674405 /* Pods-NimiqClientiOSTests.release.xcconfig */,
				58879E6D737EE886D803FF2D /* Pods-NimiqClientMacOS.debug.xcconfig */,
				56094819A04C985423172A0A /* Pods-NimiqClientMacOS.release.xcconfig */,
				E8677B9220DB81514ACC78A9 /* Pods-NimiqClientMacOSTests.debug.xcconfig */,
				CFA7DB40FAA73B978A0C4CDE /* Pods-NimiqClientMacOSTests.release.xcconfig */,
				0258F7E0F4AB1390AC534DF5 /* Pods-NimiqClientTvOS.debug.xcconfig */,
				F7388A29568B2A1CBD6DEEEC /* Pods-NimiqClientTvOS.release.xcconfig */,
				FF933E87EE4A70159B012EB2 /* Pods-NimiqClientTvOSTests.debug.xcconfig */,
				2D62F991B55C756D5AB4113E /* Pods-NimiqClientTvOSTests.release.xcconfig */,
				D04824D73F0BBAE7B0DE3024 /* Pods-NimiqClientWatchOS.debug.xcconfig */,
				1387036D2A90CAC45CD2D075 /* Pods-NimiqClientWatchOS.release.xcconfig */,
			);
			path = Pods;
			sourceTree = "<group>";
		};
		E49CC9FF24CBCCB5000EB1A1 /* NimiqClient */ = {
			isa = PBXGroup;
			children = (
				E4BFF42524BBAE7F00A915D4 /* NimiqClient.swift */,
			);
			path = NimiqClient;
			sourceTree = "<group>";
		};
		E4B63EB424BBA4E6009AAC80 = {
			isa = PBXGroup;
			children = (
				E4E9549324C01DFD00981A37 /* README.md */,
				E4E9549424C01E1500981A37 /* LICENSE */,
				E4BFF42424BBAE3B00A915D4 /* Sources */,
				E4BFF42924BBAF5900A915D4 /* Tests */,
				E4B63EDE24BBA877009AAC80 /* NimiqClientiOS */,
				E4B63EE924BBA878009AAC80 /* NimiqClientiOSTests */,
				E4B63EFA24BBA92E009AAC80 /* NimiqClientMacOS */,
				E4B63F0524BBA930009AAC80 /* NimiqClientMacOSTests */,
				E4B63F1624BBA963009AAC80 /* NimiqClientTvOS */,
				E4B63F2124BBA965009AAC80 /* NimiqClientTvOSTests */,
				E4FF155724C652F7005DFE23 /* NimiqClientWatchOS */,
				E4B63EBF24BBA4E6009AAC80 /* Products */,
				C581D63883067F3C8755FD0A /* Pods */,
				80515F7BFC12AE88246363E0 /* Frameworks */,
			);
			sourceTree = "<group>";
		};
		E4B63EBF24BBA4E6009AAC80 /* Products */ = {
			isa = PBXGroup;
			children = (
				E4B63EDD24BBA877009AAC80 /* NimiqClientiOS.framework */,
				E4B63EE524BBA878009AAC80 /* NimiqClientiOSTests.xctest */,
				E4B63EF924BBA92E009AAC80 /* NimiqClientMacOS.framework */,
				E4B63F0124BBA930009AAC80 /* NimiqClientMacOSTests.xctest */,
				E4B63F1524BBA963009AAC80 /* NimiqClientTvOS.framework */,
				E4B63F1D24BBA964009AAC80 /* NimiqClientTvOSTests.xctest */,
				E4FF155624C652F7005DFE23 /* NimiqClientWatchOS.framework */,
			);
			name = Products;
			sourceTree = "<group>";
		};
		E4B63EDE24BBA877009AAC80 /* NimiqClientiOS */ = {
			isa = PBXGroup;
			children = (
				E4B63EDF24BBA877009AAC80 /* NimiqClientiOS.h */,
				E4B63EE024BBA877009AAC80 /* Info.plist */,
			);
			path = NimiqClientiOS;
			sourceTree = "<group>";
		};
		E4B63EE924BBA878009AAC80 /* NimiqClientiOSTests */ = {
			isa = PBXGroup;
			children = (
				E4B63EEA24BBA878009AAC80 /* NimiqClientiOSTests.swift */,
				E4B63EEC24BBA878009AAC80 /* Info.plist */,
			);
			path = NimiqClientiOSTests;
			sourceTree = "<group>";
		};
		E4B63EFA24BBA92E009AAC80 /* NimiqClientMacOS */ = {
			isa = PBXGroup;
			children = (
				E4B63EFB24BBA92E009AAC80 /* NimiqClientMacOS.h */,
				E4B63EFC24BBA92E009AAC80 /* Info.plist */,
			);
			path = NimiqClientMacOS;
			sourceTree = "<group>";
		};
		E4B63F0524BBA930009AAC80 /* NimiqClientMacOSTests */ = {
			isa = PBXGroup;
			children = (
				E4B63F0624BBA930009AAC80 /* NimiqClientMacOSTests.swift */,
				E4B63F0824BBA930009AAC80 /* Info.plist */,
			);
			path = NimiqClientMacOSTests;
			sourceTree = "<group>";
		};
		E4B63F1624BBA963009AAC80 /* NimiqClientTvOS */ = {
			isa = PBXGroup;
			children = (
				E4B63F1724BBA963009AAC80 /* NimiqClientTvOS.h */,
				E4B63F1824BBA964009AAC80 /* Info.plist */,
			);
			path = NimiqClientTvOS;
			sourceTree = "<group>";
		};
		E4B63F2124BBA965009AAC80 /* NimiqClientTvOSTests */ = {
			isa = PBXGroup;
			children = (
				E4B63F2224BBA965009AAC80 /* NimiqClientTvOSTests.swift */,
				E4B63F2424BBA965009AAC80 /* Info.plist */,
			);
			path = NimiqClientTvOSTests;
			sourceTree = "<group>";
		};
		E4BFF42424BBAE3B00A915D4 /* Sources */ = {
			isa = PBXGroup;
			children = (
				E49CC9FF24CBCCB5000EB1A1 /* NimiqClient */,
			);
			name = Sources;
			path = ../Sources;
			sourceTree = "<group>";
		};
		E4BFF42924BBAF5900A915D4 /* Tests */ = {
			isa = PBXGroup;
			children = (
				E4BFF42A24BBAFA700A915D4 /* NimiqClientTests.swift */,
				E4BD968024BD3905005E6957 /* Fixtures.swift */,
				E4BD968424BD4A4B005E6957 /* URLProtocolStub.swift */,
			);
			name = Tests;
			path = ../Tests;
			sourceTree = "<group>";
		};
		E4FF155724C652F7005DFE23 /* NimiqClientWatchOS */ = {
			isa = PBXGroup;
			children = (
				E4FF155824C652F7005DFE23 /* NimiqClientWatchOS.h */,
				E4FF155924C652F7005DFE23 /* Info.plist */,
			);
			path = NimiqClientWatchOS;
			sourceTree = "<group>";
		};
/* End PBXGroup section */

/* Begin PBXHeadersBuildPhase section */
		E4B63ED824BBA877009AAC80 /* Headers */ = {
			isa = PBXHeadersBuildPhase;
			buildActionMask = 2147483647;
			files = (
				E4B63EED24BBA878009AAC80 /* NimiqClientiOS.h in Headers */,
			);
			runOnlyForDeploymentPostprocessing = 0;
		};
		E4B63EF424BBA92E009AAC80 /* Headers */ = {
			isa = PBXHeadersBuildPhase;
			buildActionMask = 2147483647;
			files = (
				E4B63F0924BBA930009AAC80 /* NimiqClientMacOS.h in Headers */,
			);
			runOnlyForDeploymentPostprocessing = 0;
		};
		E4B63F1024BBA963009AAC80 /* Headers */ = {
			isa = PBXHeadersBuildPhase;
			buildActionMask = 2147483647;
			files = (
				E4B63F2524BBA965009AAC80 /* NimiqClientTvOS.h in Headers */,
			);
			runOnlyForDeploymentPostprocessing = 0;
		};
		E4FF155124C652F7005DFE23 /* Headers */ = {
			isa = PBXHeadersBuildPhase;
			buildActionMask = 2147483647;
			files = (
				E4FF155A24C652F8005DFE23 /* NimiqClientWatchOS.h in Headers */,
			);
			runOnlyForDeploymentPostprocessing = 0;
		};
/* End PBXHeadersBuildPhase section */

/* Begin PBXNativeTarget section */
		E4B63EDC24BBA877009AAC80 /* NimiqClientiOS */ = {
			isa = PBXNativeTarget;
			buildConfigurationList = E4B63EEE24BBA878009AAC80 /* Build configuration list for PBXNativeTarget "NimiqClientiOS" */;
			buildPhases = (
				9A02F61280E58CE8F1880F32 /* [CP] Check Pods Manifest.lock */,
				E4B63ED824BBA877009AAC80 /* Headers */,
				E4B63ED924BBA877009AAC80 /* Sources */,
				E4B63EDA24BBA877009AAC80 /* Frameworks */,
				E4B63EDB24BBA877009AAC80 /* Resources */,
			);
			buildRules = (
			);
			dependencies = (
			);
			name = NimiqClientiOS;
			productName = NimiqClientiOS;
			productReference = E4B63EDD24BBA877009AAC80 /* NimiqClientiOS.framework */;
			productType = "com.apple.product-type.framework";
		};
		E4B63EE424BBA878009AAC80 /* NimiqClientiOSTests */ = {
			isa = PBXNativeTarget;
			buildConfigurationList = E4B63EF124BBA878009AAC80 /* Build configuration list for PBXNativeTarget "NimiqClientiOSTests" */;
			buildPhases = (
				C81C195821368F9B29FF7B00 /* [CP] Check Pods Manifest.lock */,
				E4B63EE124BBA878009AAC80 /* Sources */,
				E4B63EE224BBA878009AAC80 /* Frameworks */,
				E4B63EE324BBA878009AAC80 /* Resources */,
			);
			buildRules = (
			);
			dependencies = (
				E4B63EE824BBA878009AAC80 /* PBXTargetDependency */,
			);
			name = NimiqClientiOSTests;
			productName = NimiqClientiOSTests;
			productReference = E4B63EE524BBA878009AAC80 /* NimiqClientiOSTests.xctest */;
			productType = "com.apple.product-type.bundle.unit-test";
		};
		E4B63EF824BBA92E009AAC80 /* NimiqClientMacOS */ = {
			isa = PBXNativeTarget;
			buildConfigurationList = E4B63F0A24BBA930009AAC80 /* Build configuration list for PBXNativeTarget "NimiqClientMacOS" */;
			buildPhases = (
				1C8962F87D96054E12A198D2 /* [CP] Check Pods Manifest.lock */,
				E4B63EF424BBA92E009AAC80 /* Headers */,
				E4B63EF524BBA92E009AAC80 /* Sources */,
				E4B63EF624BBA92E009AAC80 /* Frameworks */,
				E4B63EF724BBA92E009AAC80 /* Resources */,
				E4DC6C6D24C07E1A004D76CA /* ShellScript */,
			);
			buildRules = (
			);
			dependencies = (
			);
			name = NimiqClientMacOS;
			productName = NimiqClientMacOS;
			productReference = E4B63EF924BBA92E009AAC80 /* NimiqClientMacOS.framework */;
			productType = "com.apple.product-type.framework";
		};
		E4B63F0024BBA930009AAC80 /* NimiqClientMacOSTests */ = {
			isa = PBXNativeTarget;
			buildConfigurationList = E4B63F0D24BBA930009AAC80 /* Build configuration list for PBXNativeTarget "NimiqClientMacOSTests" */;
			buildPhases = (
				0C7F121FA7E507B54FED8E68 /* [CP] Check Pods Manifest.lock */,
				E4B63EFD24BBA930009AAC80 /* Sources */,
				E4B63EFE24BBA930009AAC80 /* Frameworks */,
				E4B63EFF24BBA930009AAC80 /* Resources */,
			);
			buildRules = (
			);
			dependencies = (
				E4B63F0424BBA930009AAC80 /* PBXTargetDependency */,
			);
			name = NimiqClientMacOSTests;
			productName = NimiqClientMacOSTests;
			productReference = E4B63F0124BBA930009AAC80 /* NimiqClientMacOSTests.xctest */;
			productType = "com.apple.product-type.bundle.unit-test";
		};
		E4B63F1424BBA963009AAC80 /* NimiqClientTvOS */ = {
			isa = PBXNativeTarget;
			buildConfigurationList = E4B63F2624BBA965009AAC80 /* Build configuration list for PBXNativeTarget "NimiqClientTvOS" */;
			buildPhases = (
				2F7CDA95CA9C1F210415011B /* [CP] Check Pods Manifest.lock */,
				E4B63F1024BBA963009AAC80 /* Headers */,
				E4B63F1124BBA963009AAC80 /* Sources */,
				E4B63F1224BBA963009AAC80 /* Frameworks */,
				E4B63F1324BBA963009AAC80 /* Resources */,
			);
			buildRules = (
			);
			dependencies = (
			);
			name = NimiqClientTvOS;
			productName = NimiqClientTvOS;
			productReference = E4B63F1524BBA963009AAC80 /* NimiqClientTvOS.framework */;
			productType = "com.apple.product-type.framework";
		};
		E4B63F1C24BBA964009AAC80 /* NimiqClientTvOSTests */ = {
			isa = PBXNativeTarget;
			buildConfigurationList = E4B63F2924BBA965009AAC80 /* Build configuration list for PBXNativeTarget "NimiqClientTvOSTests" */;
			buildPhases = (
				9987095E76EEEB07E3A6DF97 /* [CP] Check Pods Manifest.lock */,
				E4B63F1924BBA964009AAC80 /* Sources */,
				E4B63F1A24BBA964009AAC80 /* Frameworks */,
				E4B63F1B24BBA964009AAC80 /* Resources */,
			);
			buildRules = (
			);
			dependencies = (
				E4B63F2024BBA965009AAC80 /* PBXTargetDependency */,
			);
			name = NimiqClientTvOSTests;
			productName = NimiqClientTvOSTests;
			productReference = E4B63F1D24BBA964009AAC80 /* NimiqClientTvOSTests.xctest */;
			productType = "com.apple.product-type.bundle.unit-test";
		};
		E4FF155524C652F7005DFE23 /* NimiqClientWatchOS */ = {
			isa = PBXNativeTarget;
			buildConfigurationList = E4FF155D24C652F8005DFE23 /* Build configuration list for PBXNativeTarget "NimiqClientWatchOS" */;
			buildPhases = (
				772E75A2C08020C7565D9C9A /* [CP] Check Pods Manifest.lock */,
				E4FF155124C652F7005DFE23 /* Headers */,
				E4FF155224C652F7005DFE23 /* Sources */,
				E4FF155324C652F7005DFE23 /* Frameworks */,
				E4FF155424C652F7005DFE23 /* Resources */,
			);
			buildRules = (
			);
			dependencies = (
			);
			name = NimiqClientWatchOS;
			productName = NimiqClientWatchOS;
			productReference = E4FF155624C652F7005DFE23 /* NimiqClientWatchOS.framework */;
			productType = "com.apple.product-type.framework";
		};
/* End PBXNativeTarget section */

/* Begin PBXProject section */
		E4B63EB524BBA4E6009AAC80 /* Project object */ = {
			isa = PBXProject;
			attributes = {
				LastSwiftUpdateCheck = 1150;
				LastUpgradeCheck = 1150;
				ORGANIZATIONNAME = "Nimiq Community";
				TargetAttributes = {
					E4B63EDC24BBA877009AAC80 = {
						CreatedOnToolsVersion = 11.5;
						LastSwiftMigration = 1150;
					};
					E4B63EE424BBA878009AAC80 = {
						CreatedOnToolsVersion = 11.5;
					};
					E4B63EF824BBA92E009AAC80 = {
						CreatedOnToolsVersion = 11.5;
						LastSwiftMigration = 1150;
					};
					E4B63F0024BBA930009AAC80 = {
						CreatedOnToolsVersion = 11.5;
					};
					E4B63F1424BBA963009AAC80 = {
						CreatedOnToolsVersion = 11.5;
						LastSwiftMigration = 1150;
					};
					E4B63F1C24BBA964009AAC80 = {
						CreatedOnToolsVersion = 11.5;
					};
					E4FF155524C652F7005DFE23 = {
						CreatedOnToolsVersion = 11.5;
					};
				};
			};
			buildConfigurationList = E4B63EB824BBA4E6009AAC80 /* Build configuration list for PBXProject "NimiqClient" */;
			compatibilityVersion = "Xcode 9.3";
			developmentRegion = en;
			hasScannedForEncodings = 0;
			knownRegions = (
				en,
				Base,
			);
			mainGroup = E4B63EB424BBA4E6009AAC80;
			productRefGroup = E4B63EBF24BBA4E6009AAC80 /* Products */;
			projectDirPath = "";
			projectRoot = "";
			targets = (
				E4B63EDC24BBA877009AAC80 /* NimiqClientiOS */,
				E4B63EE424BBA878009AAC80 /* NimiqClientiOSTests */,
				E4B63EF824BBA92E009AAC80 /* NimiqClientMacOS */,
				E4B63F0024BBA930009AAC80 /* NimiqClientMacOSTests */,
				E4B63F1424BBA963009AAC80 /* NimiqClientTvOS */,
				E4B63F1C24BBA964009AAC80 /* NimiqClientTvOSTests */,
				E4FF155524C652F7005DFE23 /* NimiqClientWatchOS */,
			);
		};
/* End PBXProject section */

/* Begin PBXResourcesBuildPhase section */
		E4B63EDB24BBA877009AAC80 /* Resources */ = {
			isa = PBXResourcesBuildPhase;
			buildActionMask = 2147483647;
			files = (
			);
			runOnlyForDeploymentPostprocessing = 0;
		};
		E4B63EE324BBA878009AAC80 /* Resources */ = {
			isa = PBXResourcesBuildPhase;
			buildActionMask = 2147483647;
			files = (
			);
			runOnlyForDeploymentPostprocessing = 0;
		};
		E4B63EF724BBA92E009AAC80 /* Resources */ = {
			isa = PBXResourcesBuildPhase;
			buildActionMask = 2147483647;
			files = (
			);
			runOnlyForDeploymentPostprocessing = 0;
		};
		E4B63EFF24BBA930009AAC80 /* Resources */ = {
			isa = PBXResourcesBuildPhase;
			buildActionMask = 2147483647;
			files = (
			);
			runOnlyForDeploymentPostprocessing = 0;
		};
		E4B63F1324BBA963009AAC80 /* Resources */ = {
			isa = PBXResourcesBuildPhase;
			buildActionMask = 2147483647;
			files = (
			);
			runOnlyForDeploymentPostprocessing = 0;
		};
		E4B63F1B24BBA964009AAC80 /* Resources */ = {
			isa = PBXResourcesBuildPhase;
			buildActionMask = 2147483647;
			files = (
			);
			runOnlyForDeploymentPostprocessing = 0;
		};
		E4FF155424C652F7005DFE23 /* Resources */ = {
			isa = PBXResourcesBuildPhase;
			buildActionMask = 2147483647;
			files = (
			);
			runOnlyForDeploymentPostprocessing = 0;
		};
/* End PBXResourcesBuildPhase section */

/* Begin PBXShellScriptBuildPhase section */
		0C7F121FA7E507B54FED8E68 /* [CP] Check Pods Manifest.lock */ = {
			isa = PBXShellScriptBuildPhase;
			buildActionMask = 2147483647;
			files = (
			);
			inputFileListPaths = (
			);
			inputPaths = (
				"${PODS_PODFILE_DIR_PATH}/Podfile.lock",
				"${PODS_ROOT}/Manifest.lock",
			);
			name = "[CP] Check Pods Manifest.lock";
			outputFileListPaths = (
			);
			outputPaths = (
				"$(DERIVED_FILE_DIR)/Pods-NimiqClientMacOSTests-checkManifestLockResult.txt",
			);
			runOnlyForDeploymentPostprocessing = 0;
			shellPath = /bin/sh;
			shellScript = "diff \"${PODS_PODFILE_DIR_PATH}/Podfile.lock\" \"${PODS_ROOT}/Manifest.lock\" > /dev/null\nif [ $? != 0 ] ; then\n    # print error to STDERR\n    echo \"error: The sandbox is not in sync with the Podfile.lock. Run 'pod install' or update your CocoaPods installation.\" >&2\n    exit 1\nfi\n# This output is used by Xcode 'outputs' to avoid re-running this script phase.\necho \"SUCCESS\" > \"${SCRIPT_OUTPUT_FILE_0}\"\n";
			showEnvVarsInLog = 0;
		};
		1C8962F87D96054E12A198D2 /* [CP] Check Pods Manifest.lock */ = {
			isa = PBXShellScriptBuildPhase;
			buildActionMask = 2147483647;
			files = (
			);
			inputFileListPaths = (
			);
			inputPaths = (
				"${PODS_PODFILE_DIR_PATH}/Podfile.lock",
				"${PODS_ROOT}/Manifest.lock",
			);
			name = "[CP] Check Pods Manifest.lock";
			outputFileListPaths = (
			);
			outputPaths = (
				"$(DERIVED_FILE_DIR)/Pods-NimiqClientMacOS-checkManifestLockResult.txt",
			);
			runOnlyForDeploymentPostprocessing = 0;
			shellPath = /bin/sh;
			shellScript = "diff \"${PODS_PODFILE_DIR_PATH}/Podfile.lock\" \"${PODS_ROOT}/Manifest.lock\" > /dev/null\nif [ $? != 0 ] ; then\n    # print error to STDERR\n    echo \"error: The sandbox is not in sync with the Podfile.lock. Run 'pod install' or update your CocoaPods installation.\" >&2\n    exit 1\nfi\n# This output is used by Xcode 'outputs' to avoid re-running this script phase.\necho \"SUCCESS\" > \"${SCRIPT_OUTPUT_FILE_0}\"\n";
			showEnvVarsInLog = 0;
		};
		2F7CDA95CA9C1F210415011B /* [CP] Check Pods Manifest.lock */ = {
			isa = PBXShellScriptBuildPhase;
			buildActionMask = 2147483647;
			files = (
			);
			inputFileListPaths = (
			);
			inputPaths = (
				"${PODS_PODFILE_DIR_PATH}/Podfile.lock",
				"${PODS_ROOT}/Manifest.lock",
			);
			name = "[CP] Check Pods Manifest.lock";
			outputFileListPaths = (
			);
			outputPaths = (
				"$(DERIVED_FILE_DIR)/Pods-NimiqClientTvOS-checkManifestLockResult.txt",
			);
			runOnlyForDeploymentPostprocessing = 0;
			shellPath = /bin/sh;
			shellScript = "diff \"${PODS_PODFILE_DIR_PATH}/Podfile.lock\" \"${PODS_ROOT}/Manifest.lock\" > /dev/null\nif [ $? != 0 ] ; then\n    # print error to STDERR\n    echo \"error: The sandbox is not in sync with the Podfile.lock. Run 'pod install' or update your CocoaPods installation.\" >&2\n    exit 1\nfi\n# This output is used by Xcode 'outputs' to avoid re-running this script phase.\necho \"SUCCESS\" > \"${SCRIPT_OUTPUT_FILE_0}\"\n";
			showEnvVarsInLog = 0;
		};
		772E75A2C08020C7565D9C9A /* [CP] Check Pods Manifest.lock */ = {
			isa = PBXShellScriptBuildPhase;
			buildActionMask = 2147483647;
			files = (
			);
			inputFileListPaths = (
			);
			inputPaths = (
				"${PODS_PODFILE_DIR_PATH}/Podfile.lock",
				"${PODS_ROOT}/Manifest.lock",
			);
			name = "[CP] Check Pods Manifest.lock";
			outputFileListPaths = (
			);
			outputPaths = (
				"$(DERIVED_FILE_DIR)/Pods-NimiqClientWatchOS-checkManifestLockResult.txt",
			);
			runOnlyForDeploymentPostprocessing = 0;
			shellPath = /bin/sh;
			shellScript = "diff \"${PODS_PODFILE_DIR_PATH}/Podfile.lock\" \"${PODS_ROOT}/Manifest.lock\" > /dev/null\nif [ $? != 0 ] ; then\n    # print error to STDERR\n    echo \"error: The sandbox is not in sync with the Podfile.lock. Run 'pod install' or update your CocoaPods installation.\" >&2\n    exit 1\nfi\n# This output is used by Xcode 'outputs' to avoid re-running this script phase.\necho \"SUCCESS\" > \"${SCRIPT_OUTPUT_FILE_0}\"\n";
			showEnvVarsInLog = 0;
		};
		9987095E76EEEB07E3A6DF97 /* [CP] Check Pods Manifest.lock */ = {
			isa = PBXShellScriptBuildPhase;
			buildActionMask = 2147483647;
			files = (
			);
			inputFileListPaths = (
			);
			inputPaths = (
				"${PODS_PODFILE_DIR_PATH}/Podfile.lock",
				"${PODS_ROOT}/Manifest.lock",
			);
			name = "[CP] Check Pods Manifest.lock";
			outputFileListPaths = (
			);
			outputPaths = (
				"$(DERIVED_FILE_DIR)/Pods-NimiqClientTvOSTests-checkManifestLockResult.txt",
			);
			runOnlyForDeploymentPostprocessing = 0;
			shellPath = /bin/sh;
			shellScript = "diff \"${PODS_PODFILE_DIR_PATH}/Podfile.lock\" \"${PODS_ROOT}/Manifest.lock\" > /dev/null\nif [ $? != 0 ] ; then\n    # print error to STDERR\n    echo \"error: The sandbox is not in sync with the Podfile.lock. Run 'pod install' or update your CocoaPods installation.\" >&2\n    exit 1\nfi\n# This output is used by Xcode 'outputs' to avoid re-running this script phase.\necho \"SUCCESS\" > \"${SCRIPT_OUTPUT_FILE_0}\"\n";
			showEnvVarsInLog = 0;
		};
		9A02F61280E58CE8F1880F32 /* [CP] Check Pods Manifest.lock */ = {
			isa = PBXShellScriptBuildPhase;
			buildActionMask = 2147483647;
			files = (
			);
			inputFileListPaths = (
			);
			inputPaths = (
				"${PODS_PODFILE_DIR_PATH}/Podfile.lock",
				"${PODS_ROOT}/Manifest.lock",
			);
			name = "[CP] Check Pods Manifest.lock";
			outputFileListPaths = (
			);
			outputPaths = (
				"$(DERIVED_FILE_DIR)/Pods-NimiqClientiOS-checkManifestLockResult.txt",
			);
			runOnlyForDeploymentPostprocessing = 0;
			shellPath = /bin/sh;
			shellScript = "diff \"${PODS_PODFILE_DIR_PATH}/Podfile.lock\" \"${PODS_ROOT}/Manifest.lock\" > /dev/null\nif [ $? != 0 ] ; then\n    # print error to STDERR\n    echo \"error: The sandbox is not in sync with the Podfile.lock. Run 'pod install' or update your CocoaPods installation.\" >&2\n    exit 1\nfi\n# This output is used by Xcode 'outputs' to avoid re-running this script phase.\necho \"SUCCESS\" > \"${SCRIPT_OUTPUT_FILE_0}\"\n";
			showEnvVarsInLog = 0;
		};
		C81C195821368F9B29FF7B00 /* [CP] Check Pods Manifest.lock */ = {
			isa = PBXShellScriptBuildPhase;
			buildActionMask = 2147483647;
			files = (
			);
			inputFileListPaths = (
			);
			inputPaths = (
				"${PODS_PODFILE_DIR_PATH}/Podfile.lock",
				"${PODS_ROOT}/Manifest.lock",
			);
			name = "[CP] Check Pods Manifest.lock";
			outputFileListPaths = (
			);
			outputPaths = (
				"$(DERIVED_FILE_DIR)/Pods-NimiqClientiOSTests-checkManifestLockResult.txt",
			);
			runOnlyForDeploymentPostprocessing = 0;
			shellPath = /bin/sh;
			shellScript = "diff \"${PODS_PODFILE_DIR_PATH}/Podfile.lock\" \"${PODS_ROOT}/Manifest.lock\" > /dev/null\nif [ $? != 0 ] ; then\n    # print error to STDERR\n    echo \"error: The sandbox is not in sync with the Podfile.lock. Run 'pod install' or update your CocoaPods installation.\" >&2\n    exit 1\nfi\n# This output is used by Xcode 'outputs' to avoid re-running this script phase.\necho \"SUCCESS\" > \"${SCRIPT_OUTPUT_FILE_0}\"\n";
			showEnvVarsInLog = 0;
		};
		E4DC6C6D24C07E1A004D76CA /* ShellScript */ = {
			isa = PBXShellScriptBuildPhase;
			buildActionMask = 2147483647;
			files = (
			);
			inputFileListPaths = (
			);
			inputPaths = (
			);
			outputFileListPaths = (
			);
			outputPaths = (
			);
			runOnlyForDeploymentPostprocessing = 0;
			shellPath = /bin/sh;
			shellScript = "#if which swiftlint >/dev/null; then\n#  swiftlint\n#else\n#  echo \"warning: SwiftLint not installed, download from https://github.com/realm/SwiftLint\"\n#fi\n";
		};
/* End PBXShellScriptBuildPhase section */

/* Begin PBXSourcesBuildPhase section */
		E4B63ED924BBA877009AAC80 /* Sources */ = {
			isa = PBXSourcesBuildPhase;
			buildActionMask = 2147483647;
			files = (
				E4BFF42624BBAE7F00A915D4 /* NimiqClient.swift in Sources */,
			);
			runOnlyForDeploymentPostprocessing = 0;
		};
		E4B63EE124BBA878009AAC80 /* Sources */ = {
			isa = PBXSourcesBuildPhase;
			buildActionMask = 2147483647;
			files = (
				E4BFF42B24BBAFA700A915D4 /* NimiqClientTests.swift in Sources */,
				E4BD968124BD3905005E6957 /* Fixtures.swift in Sources */,
				E4B63EEB24BBA878009AAC80 /* NimiqClientiOSTests.swift in Sources */,
				E4BFF42E24BBB01800A915D4 /* NimiqClient.swift in Sources */,
				E4BD968524BD4A4B005E6957 /* URLProtocolStub.swift in Sources */,
			);
			runOnlyForDeploymentPostprocessing = 0;
		};
		E4B63EF524BBA92E009AAC80 /* Sources */ = {
			isa = PBXSourcesBuildPhase;
			buildActionMask = 2147483647;
			files = (
				E4BFF42724BBAE7F00A915D4 /* NimiqClient.swift in Sources */,
			);
			runOnlyForDeploymentPostprocessing = 0;
		};
		E4B63EFD24BBA930009AAC80 /* Sources */ = {
			isa = PBXSourcesBuildPhase;
			buildActionMask = 2147483647;
			files = (
				E4BFF42C24BBAFA700A915D4 /* NimiqClientTests.swift in Sources */,
				E4BD968224BD3905005E6957 /* Fixtures.swift in Sources */,
				E4B63F0724BBA930009AAC80 /* NimiqClientMacOSTests.swift in Sources */,
				E4BFF42F24BBB01900A915D4 /* NimiqClient.swift in Sources */,
				E4BD968624BD4A4B005E6957 /* URLProtocolStub.swift in Sources */,
			);
			runOnlyForDeploymentPostprocessing = 0;
		};
		E4B63F1124BBA963009AAC80 /* Sources */ = {
			isa = PBXSourcesBuildPhase;
			buildActionMask = 2147483647;
			files = (
				E4BFF42824BBAE7F00A915D4 /* NimiqClient.swift in Sources */,
			);
			runOnlyForDeploymentPostprocessing = 0;
		};
		E4B63F1924BBA964009AAC80 /* Sources */ = {
			isa = PBXSourcesBuildPhase;
			buildActionMask = 2147483647;
			files = (
				E4BFF42D24BBAFA700A915D4 /* NimiqClientTests.swift in Sources */,
				E4BD968324BD3905005E6957 /* Fixtures.swift in Sources */,
				E4B63F2324BBA965009AAC80 /* NimiqClientTvOSTests.swift in Sources */,
				E4BFF43024BBB01A00A915D4 /* NimiqClient.swift in Sources */,
				E4BD968724BD4A4B005E6957 /* URLProtocolStub.swift in Sources */,
			);
			runOnlyForDeploymentPostprocessing = 0;
		};
		E4FF155224C652F7005DFE23 /* Sources */ = {
			isa = PBXSourcesBuildPhase;
			buildActionMask = 2147483647;
			files = (
				E4FF155E24C6545F005DFE23 /* NimiqClient.swift in Sources */,
			);
			runOnlyForDeploymentPostprocessing = 0;
		};
/* End PBXSourcesBuildPhase section */

/* Begin PBXTargetDependency section */
		E4B63EE824BBA878009AAC80 /* PBXTargetDependency */ = {
			isa = PBXTargetDependency;
			target = E4B63EDC24BBA877009AAC80 /* NimiqClientiOS */;
			targetProxy = E4B63EE724BBA878009AAC80 /* PBXContainerItemProxy */;
		};
		E4B63F0424BBA930009AAC80 /* PBXTargetDependency */ = {
			isa = PBXTargetDependency;
			target = E4B63EF824BBA92E009AAC80 /* NimiqClientMacOS */;
			targetProxy = E4B63F0324BBA930009AAC80 /* PBXContainerItemProxy */;
		};
		E4B63F2024BBA965009AAC80 /* PBXTargetDependency */ = {
			isa = PBXTargetDependency;
			target = E4B63F1424BBA963009AAC80 /* NimiqClientTvOS */;
			targetProxy = E4B63F1F24BBA965009AAC80 /* PBXContainerItemProxy */;
		};
/* End PBXTargetDependency section */

/* Begin XCBuildConfiguration section */
		E4B63ED024BBA4E8009AAC80 /* Debug */ = {
			isa = XCBuildConfiguration;
			buildSettings = {
				ALWAYS_SEARCH_USER_PATHS = NO;
				CLANG_ANALYZER_NONNULL = YES;
				CLANG_ANALYZER_NUMBER_OBJECT_CONVERSION = YES_AGGRESSIVE;
				CLANG_CXX_LANGUAGE_STANDARD = "gnu++14";
				CLANG_CXX_LIBRARY = "libc++";
				CLANG_ENABLE_MODULES = YES;
				CLANG_ENABLE_OBJC_ARC = YES;
				CLANG_ENABLE_OBJC_WEAK = YES;
				CLANG_WARN_BLOCK_CAPTURE_AUTORELEASING = YES;
				CLANG_WARN_BOOL_CONVERSION = YES;
				CLANG_WARN_COMMA = YES;
				CLANG_WARN_CONSTANT_CONVERSION = YES;
				CLANG_WARN_DEPRECATED_OBJC_IMPLEMENTATIONS = YES;
				CLANG_WARN_DIRECT_OBJC_ISA_USAGE = YES_ERROR;
				CLANG_WARN_DOCUMENTATION_COMMENTS = YES;
				CLANG_WARN_EMPTY_BODY = YES;
				CLANG_WARN_ENUM_CONVERSION = YES;
				CLANG_WARN_INFINITE_RECURSION = YES;
				CLANG_WARN_INT_CONVERSION = YES;
				CLANG_WARN_NON_LITERAL_NULL_CONVERSION = YES;
				CLANG_WARN_OBJC_IMPLICIT_RETAIN_SELF = YES;
				CLANG_WARN_OBJC_LITERAL_CONVERSION = YES;
				CLANG_WARN_OBJC_ROOT_CLASS = YES_ERROR;
				CLANG_WARN_RANGE_LOOP_ANALYSIS = YES;
				CLANG_WARN_STRICT_PROTOTYPES = YES;
				CLANG_WARN_SUSPICIOUS_MOVE = YES;
				CLANG_WARN_UNGUARDED_AVAILABILITY = YES_AGGRESSIVE;
				CLANG_WARN_UNREACHABLE_CODE = YES;
				CLANG_WARN__DUPLICATE_METHOD_MATCH = YES;
				COPY_PHASE_STRIP = NO;
				CURRENT_PROJECT_VERSION = 1;
				DEBUG_INFORMATION_FORMAT = dwarf;
				ENABLE_STRICT_OBJC_MSGSEND = YES;
				ENABLE_TESTABILITY = YES;
				GCC_C_LANGUAGE_STANDARD = gnu11;
				GCC_DYNAMIC_NO_PIC = NO;
				GCC_NO_COMMON_BLOCKS = YES;
				GCC_OPTIMIZATION_LEVEL = 0;
				GCC_PREPROCESSOR_DEFINITIONS = (
					"DEBUG=1",
					"$(inherited)",
				);
				GCC_WARN_64_TO_32_BIT_CONVERSION = YES;
				GCC_WARN_ABOUT_RETURN_TYPE = YES_ERROR;
				GCC_WARN_UNDECLARED_SELECTOR = YES;
				GCC_WARN_UNINITIALIZED_AUTOS = YES_AGGRESSIVE;
				GCC_WARN_UNUSED_FUNCTION = YES;
				GCC_WARN_UNUSED_VARIABLE = YES;
				IPHONEOS_DEPLOYMENT_TARGET = 13.1;
				MTL_ENABLE_DEBUG_INFO = INCLUDE_SOURCE;
				MTL_FAST_MATH = YES;
				ONLY_ACTIVE_ARCH = YES;
				SDKROOT = iphoneos;
				SWIFT_ACTIVE_COMPILATION_CONDITIONS = DEBUG;
				SWIFT_OPTIMIZATION_LEVEL = "-Onone";
				VERSIONING_SYSTEM = "apple-generic";
				VERSION_INFO_PREFIX = "";
			};
			name = Debug;
		};
		E4B63ED124BBA4E8009AAC80 /* Release */ = {
			isa = XCBuildConfiguration;
			buildSettings = {
				ALWAYS_SEARCH_USER_PATHS = NO;
				CLANG_ANALYZER_NONNULL = YES;
				CLANG_ANALYZER_NUMBER_OBJECT_CONVERSION = YES_AGGRESSIVE;
				CLANG_CXX_LANGUAGE_STANDARD = "gnu++14";
				CLANG_CXX_LIBRARY = "libc++";
				CLANG_ENABLE_MODULES = YES;
				CLANG_ENABLE_OBJC_ARC = YES;
				CLANG_ENABLE_OBJC_WEAK = YES;
				CLANG_WARN_BLOCK_CAPTURE_AUTORELEASING = YES;
				CLANG_WARN_BOOL_CONVERSION = YES;
				CLANG_WARN_COMMA = YES;
				CLANG_WARN_CONSTANT_CONVERSION = YES;
				CLANG_WARN_DEPRECATED_OBJC_IMPLEMENTATIONS = YES;
				CLANG_WARN_DIRECT_OBJC_ISA_USAGE = YES_ERROR;
				CLANG_WARN_DOCUMENTATION_COMMENTS = YES;
				CLANG_WARN_EMPTY_BODY = YES;
				CLANG_WARN_ENUM_CONVERSION = YES;
				CLANG_WARN_INFINITE_RECURSION = YES;
				CLANG_WARN_INT_CONVERSION = YES;
				CLANG_WARN_NON_LITERAL_NULL_CONVERSION = YES;
				CLANG_WARN_OBJC_IMPLICIT_RETAIN_SELF = YES;
				CLANG_WARN_OBJC_LITERAL_CONVERSION = YES;
				CLANG_WARN_OBJC_ROOT_CLASS = YES_ERROR;
				CLANG_WARN_RANGE_LOOP_ANALYSIS = YES;
				CLANG_WARN_STRICT_PROTOTYPES = YES;
				CLANG_WARN_SUSPICIOUS_MOVE = YES;
				CLANG_WARN_UNGUARDED_AVAILABILITY = YES_AGGRESSIVE;
				CLANG_WARN_UNREACHABLE_CODE = YES;
				CLANG_WARN__DUPLICATE_METHOD_MATCH = YES;
				COPY_PHASE_STRIP = NO;
				CURRENT_PROJECT_VERSION = 1;
				DEBUG_INFORMATION_FORMAT = "dwarf-with-dsym";
				ENABLE_NS_ASSERTIONS = NO;
				ENABLE_STRICT_OBJC_MSGSEND = YES;
				GCC_C_LANGUAGE_STANDARD = gnu11;
				GCC_NO_COMMON_BLOCKS = YES;
				GCC_WARN_64_TO_32_BIT_CONVERSION = YES;
				GCC_WARN_ABOUT_RETURN_TYPE = YES_ERROR;
				GCC_WARN_UNDECLARED_SELECTOR = YES;
				GCC_WARN_UNINITIALIZED_AUTOS = YES_AGGRESSIVE;
				GCC_WARN_UNUSED_FUNCTION = YES;
				GCC_WARN_UNUSED_VARIABLE = YES;
				IPHONEOS_DEPLOYMENT_TARGET = 13.1;
				MTL_ENABLE_DEBUG_INFO = NO;
				MTL_FAST_MATH = YES;
				SDKROOT = iphoneos;
				SWIFT_COMPILATION_MODE = wholemodule;
				SWIFT_OPTIMIZATION_LEVEL = "-O";
				VALIDATE_PRODUCT = YES;
				VERSIONING_SYSTEM = "apple-generic";
				VERSION_INFO_PREFIX = "";
			};
			name = Release;
		};
		E4B63EEF24BBA878009AAC80 /* Debug */ = {
			isa = XCBuildConfiguration;
			baseConfigurationReference = C5A02AC3BEA201D0C3457982 /* Pods-NimiqClientiOS.debug.xcconfig */;
			buildSettings = {
				CLANG_ENABLE_MODULES = YES;
				CODE_SIGN_IDENTITY = "Apple Development";
				"CODE_SIGN_IDENTITY[sdk=macosx*]" = "Apple Development";
				CODE_SIGN_STYLE = Automatic;
				DEFINES_MODULE = YES;
				DEVELOPMENT_TEAM = JD54X398XP;
				DYLIB_COMPATIBILITY_VERSION = 1;
				DYLIB_CURRENT_VERSION = 1;
				DYLIB_INSTALL_NAME_BASE = "@rpath";
				INFOPLIST_FILE = NimiqClientiOS/Info.plist;
				INSTALL_PATH = "$(LOCAL_LIBRARY_DIR)/Frameworks";
				LD_RUNPATH_SEARCH_PATHS = (
					"$(inherited)",
					"@executable_path/Frameworks",
					"@loader_path/Frameworks",
				);
				PRODUCT_BUNDLE_IDENTIFIER = community.nimiq.NimiqClientiOS;
				PRODUCT_NAME = "$(TARGET_NAME:c99extidentifier)";
				PROVISIONING_PROFILE_SPECIFIER = "";
				"PROVISIONING_PROFILE_SPECIFIER[sdk=macosx*]" = "";
				SKIP_INSTALL = NO;
				SWIFT_OPTIMIZATION_LEVEL = "-Onone";
				SWIFT_VERSION = 5.0;
				TARGETED_DEVICE_FAMILY = "1,2";
			};
			name = Debug;
		};
		E4B63EF024BBA878009AAC80 /* Release */ = {
			isa = XCBuildConfiguration;
			baseConfigurationReference = 30D47451DC38E036B8ACC0F3 /* Pods-NimiqClientiOS.release.xcconfig */;
			buildSettings = {
				CLANG_ENABLE_MODULES = YES;
				CODE_SIGN_IDENTITY = "Apple Development";
				"CODE_SIGN_IDENTITY[sdk=macosx*]" = "Apple Development";
				CODE_SIGN_STYLE = Automatic;
				DEFINES_MODULE = YES;
				DEVELOPMENT_TEAM = JD54X398XP;
				DYLIB_COMPATIBILITY_VERSION = 1;
				DYLIB_CURRENT_VERSION = 1;
				DYLIB_INSTALL_NAME_BASE = "@rpath";
				INFOPLIST_FILE = NimiqClientiOS/Info.plist;
				INSTALL_PATH = "$(LOCAL_LIBRARY_DIR)/Frameworks";
				LD_RUNPATH_SEARCH_PATHS = (
					"$(inherited)",
					"@executable_path/Frameworks",
					"@loader_path/Frameworks",
				);
				PRODUCT_BUNDLE_IDENTIFIER = community.nimiq.NimiqClientiOS;
				PRODUCT_NAME = "$(TARGET_NAME:c99extidentifier)";
				PROVISIONING_PROFILE_SPECIFIER = "";
				"PROVISIONING_PROFILE_SPECIFIER[sdk=macosx*]" = "";
				SKIP_INSTALL = NO;
				SWIFT_VERSION = 5.0;
				TARGETED_DEVICE_FAMILY = "1,2";
			};
			name = Release;
		};
		E4B63EF224BBA878009AAC80 /* Debug */ = {
			isa = XCBuildConfiguration;
			baseConfigurationReference = B1E44F2B1C59927382FEB627 /* Pods-NimiqClientiOSTests.debug.xcconfig */;
			buildSettings = {
				ALWAYS_EMBED_SWIFT_STANDARD_LIBRARIES = YES;
				CODE_SIGN_STYLE = Automatic;
				DEVELOPMENT_TEAM = JD54X398XP;
				INFOPLIST_FILE = NimiqClientiOSTests/Info.plist;
				LD_RUNPATH_SEARCH_PATHS = (
					"$(inherited)",
					"@executable_path/Frameworks",
					"@loader_path/Frameworks",
				);
				PRODUCT_BUNDLE_IDENTIFIER = community.nimiq.NimiqClientiOSTests;
				PRODUCT_NAME = "$(TARGET_NAME)";
				SWIFT_VERSION = 5.0;
				TARGETED_DEVICE_FAMILY = "1,2";
			};
			name = Debug;
		};
		E4B63EF324BBA878009AAC80 /* Release */ = {
			isa = XCBuildConfiguration;
			baseConfigurationReference = FEF9106E8CA470ADD4674405 /* Pods-NimiqClientiOSTests.release.xcconfig */;
			buildSettings = {
				ALWAYS_EMBED_SWIFT_STANDARD_LIBRARIES = YES;
				CODE_SIGN_STYLE = Automatic;
				DEVELOPMENT_TEAM = JD54X398XP;
				INFOPLIST_FILE = NimiqClientiOSTests/Info.plist;
				LD_RUNPATH_SEARCH_PATHS = (
					"$(inherited)",
					"@executable_path/Frameworks",
					"@loader_path/Frameworks",
				);
				PRODUCT_BUNDLE_IDENTIFIER = community.nimiq.NimiqClientiOSTests;
				PRODUCT_NAME = "$(TARGET_NAME)";
				SWIFT_VERSION = 5.0;
				TARGETED_DEVICE_FAMILY = "1,2";
			};
			name = Release;
		};
		E4B63F0B24BBA930009AAC80 /* Debug */ = {
			isa = XCBuildConfiguration;
			baseConfigurationReference = 58879E6D737EE886D803FF2D /* Pods-NimiqClientMacOS.debug.xcconfig */;
			buildSettings = {
				CLANG_ENABLE_MODULES = YES;
				CODE_SIGN_STYLE = Automatic;
				COMBINE_HIDPI_IMAGES = YES;
				DEFINES_MODULE = YES;
				DYLIB_COMPATIBILITY_VERSION = 1;
				DYLIB_CURRENT_VERSION = 1;
				DYLIB_INSTALL_NAME_BASE = "@rpath";
				INFOPLIST_FILE = NimiqClientMacOS/Info.plist;
				INSTALL_PATH = "$(LOCAL_LIBRARY_DIR)/Frameworks";
				LD_RUNPATH_SEARCH_PATHS = (
					"$(inherited)",
					"@executable_path/../Frameworks",
					"@loader_path/Frameworks",
				);
				MACOSX_DEPLOYMENT_TARGET = 10.15;
				PRODUCT_BUNDLE_IDENTIFIER = community.nimiq.NimiqClientMacOS;
				PRODUCT_NAME = "$(TARGET_NAME:c99extidentifier)";
				SDKROOT = macosx;
				SKIP_INSTALL = NO;
				SWIFT_OPTIMIZATION_LEVEL = "-Onone";
				SWIFT_VERSION = 5.0;
			};
			name = Debug;
		};
		E4B63F0C24BBA930009AAC80 /* Release */ = {
			isa = XCBuildConfiguration;
			baseConfigurationReference = 56094819A04C985423172A0A /* Pods-NimiqClientMacOS.release.xcconfig */;
			buildSettings = {
				CLANG_ENABLE_MODULES = YES;
				CODE_SIGN_STYLE = Automatic;
				COMBINE_HIDPI_IMAGES = YES;
				DEFINES_MODULE = YES;
				DYLIB_COMPATIBILITY_VERSION = 1;
				DYLIB_CURRENT_VERSION = 1;
				DYLIB_INSTALL_NAME_BASE = "@rpath";
				INFOPLIST_FILE = NimiqClientMacOS/Info.plist;
				INSTALL_PATH = "$(LOCAL_LIBRARY_DIR)/Frameworks";
				LD_RUNPATH_SEARCH_PATHS = (
					"$(inherited)",
					"@executable_path/../Frameworks",
					"@loader_path/Frameworks",
				);
				MACOSX_DEPLOYMENT_TARGET = 10.15;
				PRODUCT_BUNDLE_IDENTIFIER = community.nimiq.NimiqClientMacOS;
				PRODUCT_NAME = "$(TARGET_NAME:c99extidentifier)";
				SDKROOT = macosx;
				SKIP_INSTALL = NO;
				SWIFT_VERSION = 5.0;
			};
			name = Release;
		};
		E4B63F0E24BBA930009AAC80 /* Debug */ = {
			isa = XCBuildConfiguration;
			baseConfigurationReference = E8677B9220DB81514ACC78A9 /* Pods-NimiqClientMacOSTests.debug.xcconfig */;
			buildSettings = {
				ALWAYS_EMBED_SWIFT_STANDARD_LIBRARIES = YES;
				CODE_SIGN_STYLE = Automatic;
				COMBINE_HIDPI_IMAGES = YES;
				INFOPLIST_FILE = NimiqClientMacOSTests/Info.plist;
				LD_RUNPATH_SEARCH_PATHS = (
					"$(inherited)",
					"@executable_path/../Frameworks",
					"@loader_path/../Frameworks",
				);
				MACOSX_DEPLOYMENT_TARGET = 10.15;
				PRODUCT_BUNDLE_IDENTIFIER = community.nimiq.NimiqClientMacOSTests;
				PRODUCT_NAME = "$(TARGET_NAME)";
				SDKROOT = macosx;
				SWIFT_VERSION = 5.0;
			};
			name = Debug;
		};
		E4B63F0F24BBA930009AAC80 /* Release */ = {
			isa = XCBuildConfiguration;
			baseConfigurationReference = CFA7DB40FAA73B978A0C4CDE /* Pods-NimiqClientMacOSTests.release.xcconfig */;
			buildSettings = {
				ALWAYS_EMBED_SWIFT_STANDARD_LIBRARIES = YES;
				CODE_SIGN_STYLE = Automatic;
				COMBINE_HIDPI_IMAGES = YES;
				INFOPLIST_FILE = NimiqClientMacOSTests/Info.plist;
				LD_RUNPATH_SEARCH_PATHS = (
					"$(inherited)",
					"@executable_path/../Frameworks",
					"@loader_path/../Frameworks",
				);
				MACOSX_DEPLOYMENT_TARGET = 10.15;
				PRODUCT_BUNDLE_IDENTIFIER = community.nimiq.NimiqClientMacOSTests;
				PRODUCT_NAME = "$(TARGET_NAME)";
				SDKROOT = macosx;
				SWIFT_VERSION = 5.0;
			};
			name = Release;
		};
		E4B63F2724BBA965009AAC80 /* Debug */ = {
			isa = XCBuildConfiguration;
			baseConfigurationReference = 0258F7E0F4AB1390AC534DF5 /* Pods-NimiqClientTvOS.debug.xcconfig */;
			buildSettings = {
				CLANG_ENABLE_MODULES = YES;
				CODE_SIGN_STYLE = Automatic;
				DEFINES_MODULE = YES;
				DYLIB_COMPATIBILITY_VERSION = 1;
				DYLIB_CURRENT_VERSION = 1;
				DYLIB_INSTALL_NAME_BASE = "@rpath";
				INFOPLIST_FILE = NimiqClientTvOS/Info.plist;
				INSTALL_PATH = "$(LOCAL_LIBRARY_DIR)/Frameworks";
				LD_RUNPATH_SEARCH_PATHS = (
					"$(inherited)",
					"@executable_path/Frameworks",
					"@loader_path/Frameworks",
				);
				PRODUCT_BUNDLE_IDENTIFIER = community.nimiq.NimiqClientTvOS;
				PRODUCT_NAME = "$(TARGET_NAME:c99extidentifier)";
				SDKROOT = appletvos;
				SKIP_INSTALL = NO;
				SWIFT_OPTIMIZATION_LEVEL = "-Onone";
				SWIFT_VERSION = 5.0;
				TARGETED_DEVICE_FAMILY = 3;
				TVOS_DEPLOYMENT_TARGET = 13.4;
			};
			name = Debug;
		};
		E4B63F2824BBA965009AAC80 /* Release */ = {
			isa = XCBuildConfiguration;
			baseConfigurationReference = F7388A29568B2A1CBD6DEEEC /* Pods-NimiqClientTvOS.release.xcconfig */;
			buildSettings = {
				CLANG_ENABLE_MODULES = YES;
				CODE_SIGN_STYLE = Automatic;
				DEFINES_MODULE = YES;
				DYLIB_COMPATIBILITY_VERSION = 1;
				DYLIB_CURRENT_VERSION = 1;
				DYLIB_INSTALL_NAME_BASE = "@rpath";
				INFOPLIST_FILE = NimiqClientTvOS/Info.plist;
				INSTALL_PATH = "$(LOCAL_LIBRARY_DIR)/Frameworks";
				LD_RUNPATH_SEARCH_PATHS = (
					"$(inherited)",
					"@executable_path/Frameworks",
					"@loader_path/Frameworks",
				);
				PRODUCT_BUNDLE_IDENTIFIER = community.nimiq.NimiqClientTvOS;
				PRODUCT_NAME = "$(TARGET_NAME:c99extidentifier)";
				SDKROOT = appletvos;
				SKIP_INSTALL = NO;
				SWIFT_VERSION = 5.0;
				TARGETED_DEVICE_FAMILY = 3;
				TVOS_DEPLOYMENT_TARGET = 13.4;
			};
			name = Release;
		};
		E4B63F2A24BBA965009AAC80 /* Debug */ = {
			isa = XCBuildConfiguration;
			baseConfigurationReference = FF933E87EE4A70159B012EB2 /* Pods-NimiqClientTvOSTests.debug.xcconfig */;
			buildSettings = {
				ALWAYS_EMBED_SWIFT_STANDARD_LIBRARIES = YES;
				CODE_SIGN_STYLE = Automatic;
				INFOPLIST_FILE = NimiqClientTvOSTests/Info.plist;
				LD_RUNPATH_SEARCH_PATHS = (
					"$(inherited)",
					"@executable_path/Frameworks",
					"@loader_path/Frameworks",
				);
				PRODUCT_BUNDLE_IDENTIFIER = community.nimiq.NimiqClientTvOSTests;
				PRODUCT_NAME = "$(TARGET_NAME)";
				SDKROOT = appletvos;
				SWIFT_VERSION = 5.0;
				TARGETED_DEVICE_FAMILY = 3;
				TVOS_DEPLOYMENT_TARGET = 13.4;
			};
			name = Debug;
		};
		E4B63F2B24BBA965009AAC80 /* Release */ = {
			isa = XCBuildConfiguration;
			baseConfigurationReference = 2D62F991B55C756D5AB4113E /* Pods-NimiqClientTvOSTests.release.xcconfig */;
			buildSettings = {
				ALWAYS_EMBED_SWIFT_STANDARD_LIBRARIES = YES;
				CODE_SIGN_STYLE = Automatic;
				INFOPLIST_FILE = NimiqClientTvOSTests/Info.plist;
				LD_RUNPATH_SEARCH_PATHS = (
					"$(inherited)",
					"@executable_path/Frameworks",
					"@loader_path/Frameworks",
				);
				PRODUCT_BUNDLE_IDENTIFIER = community.nimiq.NimiqClientTvOSTests;
				PRODUCT_NAME = "$(TARGET_NAME)";
				SDKROOT = appletvos;
				SWIFT_VERSION = 5.0;
				TARGETED_DEVICE_FAMILY = 3;
				TVOS_DEPLOYMENT_TARGET = 13.4;
			};
			name = Release;
		};
		E4FF155B24C652F8005DFE23 /* Debug */ = {
			isa = XCBuildConfiguration;
			baseConfigurationReference = D04824D73F0BBAE7B0DE3024 /* Pods-NimiqClientWatchOS.debug.xcconfig */;
			buildSettings = {
				APPLICATION_EXTENSION_API_ONLY = YES;
				CODE_SIGN_STYLE = Automatic;
				DEFINES_MODULE = YES;
				DYLIB_COMPATIBILITY_VERSION = 1;
				DYLIB_CURRENT_VERSION = 1;
				DYLIB_INSTALL_NAME_BASE = "@rpath";
				INFOPLIST_FILE = NimiqClientWatchOS/Info.plist;
				INSTALL_PATH = "$(LOCAL_LIBRARY_DIR)/Frameworks";
				LD_RUNPATH_SEARCH_PATHS = (
					"$(inherited)",
					"@executable_path/Frameworks",
					"@loader_path/Frameworks",
				);
				PRODUCT_BUNDLE_IDENTIFIER = community.nimiq.NimiqClientWatchOS;
				PRODUCT_NAME = "$(TARGET_NAME:c99extidentifier)";
				SDKROOT = watchos;
				SKIP_INSTALL = YES;
				SWIFT_VERSION = 5.0;
				TARGETED_DEVICE_FAMILY = 4;
				WATCHOS_DEPLOYMENT_TARGET = 6.2;
			};
			name = Debug;
		};
		E4FF155C24C652F8005DFE23 /* Release */ = {
			isa = XCBuildConfiguration;
			baseConfigurationReference = 1387036D2A90CAC45CD2D075 /* Pods-NimiqClientWatchOS.release.xcconfig */;
			buildSettings = {
				APPLICATION_EXTENSION_API_ONLY = YES;
				CODE_SIGN_STYLE = Automatic;
				DEFINES_MODULE = YES;
				DYLIB_COMPATIBILITY_VERSION = 1;
				DYLIB_CURRENT_VERSION = 1;
				DYLIB_INSTALL_NAME_BASE = "@rpath";
				INFOPLIST_FILE = NimiqClientWatchOS/Info.plist;
				INSTALL_PATH = "$(LOCAL_LIBRARY_DIR)/Frameworks";
				LD_RUNPATH_SEARCH_PATHS = (
					"$(inherited)",
					"@executable_path/Frameworks",
					"@loader_path/Frameworks",
				);
				PRODUCT_BUNDLE_IDENTIFIER = community.nimiq.NimiqClientWatchOS;
				PRODUCT_NAME = "$(TARGET_NAME:c99extidentifier)";
				SDKROOT = watchos;
				SKIP_INSTALL = YES;
				SWIFT_VERSION = 5.0;
				TARGETED_DEVICE_FAMILY = 4;
				WATCHOS_DEPLOYMENT_TARGET = 6.2;
			};
			name = Release;
		};
/* End XCBuildConfiguration section */

/* Begin XCConfigurationList section */
		E4B63EB824BBA4E6009AAC80 /* Build configuration list for PBXProject "NimiqClient" */ = {
			isa = XCConfigurationList;
			buildConfigurations = (
				E4B63ED024BBA4E8009AAC80 /* Debug */,
				E4B63ED124BBA4E8009AAC80 /* Release */,
			);
			defaultConfigurationIsVisible = 0;
			defaultConfigurationName = Release;
		};
		E4B63EEE24BBA878009AAC80 /* Build configuration list for PBXNativeTarget "NimiqClientiOS" */ = {
			isa = XCConfigurationList;
			buildConfigurations = (
				E4B63EEF24BBA878009AAC80 /* Debug */,
				E4B63EF024BBA878009AAC80 /* Release */,
			);
			defaultConfigurationIsVisible = 0;
			defaultConfigurationName = Release;
		};
		E4B63EF124BBA878009AAC80 /* Build configuration list for PBXNativeTarget "NimiqClientiOSTests" */ = {
			isa = XCConfigurationList;
			buildConfigurations = (
				E4B63EF224BBA878009AAC80 /* Debug */,
				E4B63EF324BBA878009AAC80 /* Release */,
			);
			defaultConfigurationIsVisible = 0;
			defaultConfigurationName = Release;
		};
		E4B63F0A24BBA930009AAC80 /* Build configuration list for PBXNativeTarget "NimiqClientMacOS" */ = {
			isa = XCConfigurationList;
			buildConfigurations = (
				E4B63F0B24BBA930009AAC80 /* Debug */,
				E4B63F0C24BBA930009AAC80 /* Release */,
			);
			defaultConfigurationIsVisible = 0;
			defaultConfigurationName = Release;
		};
		E4B63F0D24BBA930009AAC80 /* Build configuration list for PBXNativeTarget "NimiqClientMacOSTests" */ = {
			isa = XCConfigurationList;
			buildConfigurations = (
				E4B63F0E24BBA930009AAC80 /* Debug */,
				E4B63F0F24BBA930009AAC80 /* Release */,
			);
			defaultConfigurationIsVisible = 0;
			defaultConfigurationName = Release;
		};
		E4B63F2624BBA965009AAC80 /* Build configuration list for PBXNativeTarget "NimiqClientTvOS" */ = {
			isa = XCConfigurationList;
			buildConfigurations = (
				E4B63F2724BBA965009AAC80 /* Debug */,
				E4B63F2824BBA965009AAC80 /* Release */,
			);
			defaultConfigurationIsVisible = 0;
			defaultConfigurationName = Release;
		};
		E4B63F2924BBA965009AAC80 /* Build configuration list for PBXNativeTarget "NimiqClientTvOSTests" */ = {
			isa = XCConfigurationList;
			buildConfigurations = (
				E4B63F2A24BBA965009AAC80 /* Debug */,
				E4B63F2B24BBA965009AAC80 /* Release */,
			);
			defaultConfigurationIsVisible = 0;
			defaultConfigurationName = Release;
		};
		E4FF155D24C652F8005DFE23 /* Build configuration list for PBXNativeTarget "NimiqClientWatchOS" */ = {
			isa = XCConfigurationList;
			buildConfigurations = (
				E4FF155B24C652F8005DFE23 /* Debug */,
				E4FF155C24C652F8005DFE23 /* Release */,
			);
			defaultConfigurationIsVisible = 0;
			defaultConfigurationName = Release;
		};
/* End XCConfigurationList section */
	};
	rootObject = E4B63EB524BBA4E6009AAC80 /* Project object */;
}
